
Microsoft Visual Studio Solution File, Format Version 12.00
# Visual Studio Version 17
VisualStudioVersion = 17.9.34607.119
MinimumVisualStudioVersion = 10.0.40219.1
Project("{F184B08F-C81C-45F6-A57F-5ABD9991F28F}") = "LINQ_Practice", "LINQ_Practice\LINQ_Practice.vbproj", "{1A1CC340-0FD7-4F79-8804-DF0AC6E94EFA}"
EndProject
Global
	GlobalSection(SolutionConfigurationPlatforms) = preSolution
		Debug|Any CPU = Debug|Any CPU
		Release|Any CPU = Release|Any CPU
	EndGlobalSection
	GlobalSection(ProjectConfigurationPlatforms) = postSolution
		{1A1CC340-0FD7-4F79-8804-DF0AC6E94EFA}.Debug|Any CPU.ActiveCfg = Debug|Any CPU
		{1A1CC340-0FD7-4F79-8804-DF0AC6E94EFA}.Debug|Any CPU.Build.0 = Debug|Any CPU
		{1A1CC340-0FD7-4F79-8804-DF0AC6E94EFA}.Release|Any CPU.ActiveCfg = Release|Any CPU
		{1A1CC340-0FD7-4F79-8804-DF0AC6E94EFA}.Release|Any CPU.Build.0 = Release|Any CPU
	EndGlobalSection
	GlobalSection(SolutionProperties) = preSolution
		HideSolutionNode = FALSE
	EndGlobalSection
	GlobalSection(ExtensibilityGlobals) = postSolution
		SolutionGuid = {D103C78B-8EB6-4570-B831-934A5A90C1C1}
	EndGlobalSection
EndGlobal
